
Microsoft Visual Studio Solution File, Format Version 12.00
# Visual Studio 15
VisualStudioVersion = 15.0.27428.2037
MinimumVisualStudioVersion = 10.0.40219.1
Project("{FAE04EC0-301F-11D3-BF4B-00C04F79EFBC}") = "FileEncrypt", "FileEncrypt\FileEncrypt.csproj", "{ECBBD8A4-BB6B-412C-8816-4EE6A7E97F53}"
EndProject
Project("{FAE04EC0-301F-11D3-BF4B-00C04F79EFBC}") = "FileDecrypt", "FileDecrypt\FileDecrypt.csproj", "{4D34E6E9-317B-4BA2-8D6B-4D359817CB72}"
EndProject
Global
	GlobalSection(SolutionConfigurationPlatforms) = preSolution
		Debug|Any CPU = Debug|Any CPU
		Release|Any CPU = Release|Any CPU
	EndGlobalSection
	GlobalSection(ProjectConfigurationPlatforms) = postSolution
		{ECBBD8A4-BB6B-412C-8816-4EE6A7E97F53}.Debug|Any CPU.ActiveCfg = Debug|Any CPU
		{ECBBD8A4-BB6B-412C-8816-4EE6A7E97F53}.Debug|Any CPU.Build.0 = Debug|Any CPU
		{ECBBD8A4-BB6B-412C-8816-4EE6A7E97F53}.Release|Any CPU.ActiveCfg = Release|Any CPU
		{ECBBD8A4-BB6B-412C-8816-4EE6A7E97F53}.Release|Any CPU.Build.0 = Release|Any CPU
		{4D34E6E9-317B-4BA2-8D6B-4D359817CB72}.Debug|Any CPU.ActiveCfg = Debug|Any CPU
		{4D34E6E9-317B-4BA2-8D6B-4D359817CB72}.Debug|Any CPU.Build.0 = Debug|Any CPU
		{4D34E6E9-317B-4BA2-8D6B-4D359817CB72}.Release|Any CPU.ActiveCfg = Release|Any CPU
		{4D34E6E9-317B-4BA2-8D6B-4D359817CB72}.Release|Any CPU.Build.0 = Release|Any CPU
	EndGlobalSection
	GlobalSection(SolutionProperties) = preSolution
		HideSolutionNode = FALSE
	EndGlobalSection
	GlobalSection(ExtensibilityGlobals) = postSolution
		SolutionGuid = {B6267F40-0604-4CB7-8739-FA6101A19961}
	EndGlobalSection
EndGlobal
